
Microsoft Visual Studio Solution File, Format Version 12.00
# Visual Studio Version 16
VisualStudioVersion = 16.0.31729.503
MinimumVisualStudioVersion = 10.0.40219.1
Project("{FAE04EC0-301F-11D3-BF4B-00C04F79EFBC}") = "LeapMotionGestureMapper", "LeapMotionGestureRecognition\LeapMotionGestureMapper.csproj", "{0A62C8F2-3EDE-49CB-A1BF-DB7145C2CD63}"
EndProject
Project("{FAE04EC0-301F-11D3-BF4B-00C04F79EFBC}") = "Launcher", "UI\Launcher.csproj", "{983618EE-6A47-438F-91EF-2A601A553909}"
EndProject
Project("{FAE04EC0-301F-11D3-BF4B-00C04F79EFBC}") = "GestureController", "GestureController\GestureController.csproj", "{B8146771-475E-4AA7-83D6-6D70AA6845B2}"
EndProject
Global
	GlobalSection(SolutionConfigurationPlatforms) = preSolution
		Debug|Any CPU = Debug|Any CPU
		Debug|x64 = Debug|x64
		Release|Any CPU = Release|Any CPU
		Release|x64 = Release|x64
	EndGlobalSection
	GlobalSection(ProjectConfigurationPlatforms) = postSolution
		{0A62C8F2-3EDE-49CB-A1BF-DB7145C2CD63}.Debug|Any CPU.ActiveCfg = Debug|Any CPU
		{0A62C8F2-3EDE-49CB-A1BF-DB7145C2CD63}.Debug|Any CPU.Build.0 = Debug|Any CPU
		{0A62C8F2-3EDE-49CB-A1BF-DB7145C2CD63}.Debug|x64.ActiveCfg = Debug|x64
		{0A62C8F2-3EDE-49CB-A1BF-DB7145C2CD63}.Debug|x64.Build.0 = Debug|x64
		{0A62C8F2-3EDE-49CB-A1BF-DB7145C2CD63}.Release|Any CPU.ActiveCfg = Release|Any CPU
		{0A62C8F2-3EDE-49CB-A1BF-DB7145C2CD63}.Release|Any CPU.Build.0 = Release|Any CPU
		{0A62C8F2-3EDE-49CB-A1BF-DB7145C2CD63}.Release|x64.ActiveCfg = Release|x64
		{0A62C8F2-3EDE-49CB-A1BF-DB7145C2CD63}.Release|x64.Build.0 = Release|x64
		{983618EE-6A47-438F-91EF-2A601A553909}.Debug|Any CPU.ActiveCfg = Debug|Any CPU
		{983618EE-6A47-438F-91EF-2A601A553909}.Debug|Any CPU.Build.0 = Debug|Any CPU
		{983618EE-6A47-438F-91EF-2A601A553909}.Debug|x64.ActiveCfg = Debug|Any CPU
		{983618EE-6A47-438F-91EF-2A601A553909}.Debug|x64.Build.0 = Debug|Any CPU
		{983618EE-6A47-438F-91EF-2A601A553909}.Release|Any CPU.ActiveCfg = Release|Any CPU
		{983618EE-6A47-438F-91EF-2A601A553909}.Release|Any CPU.Build.0 = Release|Any CPU
		{983618EE-6A47-438F-91EF-2A601A553909}.Release|x64.ActiveCfg = Release|Any CPU
		{983618EE-6A47-438F-91EF-2A601A553909}.Release|x64.Build.0 = Release|Any CPU
		{B8146771-475E-4AA7-83D6-6D70AA6845B2}.Debug|Any CPU.ActiveCfg = Debug|Any CPU
		{B8146771-475E-4AA7-83D6-6D70AA6845B2}.Debug|Any CPU.Build.0 = Debug|Any CPU
		{B8146771-475E-4AA7-83D6-6D70AA6845B2}.Debug|x64.ActiveCfg = Debug|Any CPU
		{B8146771-475E-4AA7-83D6-6D70AA6845B2}.Debug|x64.Build.0 = Debug|Any CPU
		{B8146771-475E-4AA7-83D6-6D70AA6845B2}.Release|Any CPU.ActiveCfg = Release|Any CPU
		{B8146771-475E-4AA7-83D6-6D70AA6845B2}.Release|Any CPU.Build.0 = Release|Any CPU
		{B8146771-475E-4AA7-83D6-6D70AA6845B2}.Release|x64.ActiveCfg = Release|Any CPU
		{B8146771-475E-4AA7-83D6-6D70AA6845B2}.Release|x64.Build.0 = Release|Any CPU
	EndGlobalSection
	GlobalSection(SolutionProperties) = preSolution
		HideSolutionNode = FALSE
	EndGlobalSection
	GlobalSection(ExtensibilityGlobals) = postSolution
		SolutionGuid = {14C76B2C-43AF-4DCD-B277-EA84F4E1C916}
	EndGlobalSection
EndGlobal
